uuid: 27769a0b-0889-4a85-ad49-dd214595dcf7
langcode: en
status: true
dependencies:
  content:
    - 'block_content:basic:4a423193-2b39-4670-8bab-a3a6ff2dd58d'
  module:
    - block_content
    - system
  theme:
    - itrtheme
id: importscheduledescriptionblock
theme: itrtheme
region: pre_content
weight: 0
provider: null
plugin: 'block_content:4a423193-2b39-4670-8bab-a3a6ff2dd58d'
settings:
  id: 'block_content:4a423193-2b39-4670-8bab-a3a6ff2dd58d'
  label: 'Import Schedule Description Block'
  provider: block_content
  label_display: '0'
  status: true
  info: ''
  view_mode: full
visibility:
  request_path:
    id: request_path
    pages: /schedule/import
    negate: false
    context_mapping: {  }
