uuid: 896eafe2-903f-41c3-a90d-f9094eac6d84
langcode: en
status: true
dependencies:
  content:
    - 'block_content:basic:4a423193-2b39-4670-8bab-a3a6ff2dd58d'
  module:
    - block_content
    - system
  theme:
    - itr_admin
id: itr_admin_importscheduledescriptionblock
theme: itr_admin
region: sidebar_first
weight: -10
provider: null
plugin: 'block_content:4a423193-2b39-4670-8bab-a3a6ff2dd58d'
settings:
  id: 'block_content:4a423193-2b39-4670-8bab-a3a6ff2dd58d'
  label: 'Import Schedule Description Block'
  provider: block_content
  label_display: '0'
  status: true
  info: ''
  view_mode: full
visibility:
  request_path:
    id: request_path
    pages: /schedule/import
    negate: false
    context_mapping: {  }
